// !$*UTF8*$!
{
	archiveVersion = 1;
	classes = {
	};
	objectVersion = 46;
	objects = {

/* Begin PBXBuildFile section */
		E1FABBA71A7FEED600C1EA95 /* AppDelegate.swift in Sources */ = {isa = PBXBuildFile; fileRef = E1FABBA61A7FEED600C1EA95 /* AppDelegate.swift */; };
		E1FABBA91A7FEED600C1EA95 /* ViewController.swift in Sources */ = {isa = PBXBuildFile; fileRef = E1FABBA81A7FEED600C1EA95 /* ViewController.swift */; };
		E1FABBAC1A7FEED600C1EA95 /* Main.storyboard in Resources */ = {isa = PBXBuildFile; fileRef = E1FABBAA1A7FEED600C1EA95 /* Main.storyboard */; };
		E1FABBAE1A7FEED600C1EA95 /* Images.xcassets in Resources */ = {isa = PBXBuildFile; fileRef = E1FABBAD1A7FEED600C1EA95 /* Images.xcassets */; };
		E1FABBB11A7FEED600C1EA95 /* LaunchScreen.xib in Resources */ = {isa = PBXBuildFile; fileRef = E1FABBAF1A7FEED600C1EA95 /* LaunchScreen.xib */; };
		E1FABBBD1A7FEED600C1EA95 /* calculatorTests.swift in Sources */ = {isa = PBXBuildFile; fileRef = E1FABBBC1A7FEED600C1EA95 /* calculatorTests.swift */; };
/* End PBXBuildFile section */

/* Begin PBXContainerItemProxy section */
		E1FABBB71A7FEED600C1EA95 /* PBXContainerItemProxy */ = {
			isa = PBXContainerItemProxy;
			containerPortal = E1FABB991A7FEED600C1EA95 /* Project object */;
			proxyType = 1;
			remoteGlobalIDString = E1FABBA01A7FEED600C1EA95;
			remoteInfo = calculator;
		};
/* End PBXContainerItemProxy section */

/* Begin PBXFileReference section */
		E1FABBA11A7FEED600C1EA95 /* calculator.app */ = {isa = PBXFileReference; explicitFileType = wrapper.application; includeInIndex = 0; path = calculator.app; sourceTree = BUILT_PRODUCTS_DIR; };
		E1FABBA51A7FEED600C1EA95 /* Info.plist */ = {isa = PBXFileReference; lastKnownFileType = text.plist.xml; path = Info.plist; sourceTree = "<group>"; };
		E1FABBA61A7FEED600C1EA95 /* AppDelegate.swift */ = {isa = PBXFileReference; lastKnownFileType = sourcecode.swift; path = AppDelegate.swift; sourceTree = "<group>"; };
		E1FABBA81A7FEED600C1EA95 /* ViewController.swift */ = {isa = PBXFileReference; lastKnownFileType = sourcecode.swift; path = ViewController.swift; sourceTree = "<group>"; };
		E1FABBAB1A7FEED600C1EA95 /* Base */ = {isa = PBXFileReference; lastKnownFileType = file.storyboard; name = Base; path = Base.lproj/Main.storyboard; sourceTree = "<group>"; };
		E1FABBAD1A7FEED600C1EA95 /* Images.xcassets */ = {isa = PBXFileReference; lastKnownFileType = folder.assetcatalog; path = Images.xcassets; sourceTree = "<group>"; };
		E1FABBB01A7FEED600C1EA95 /* Base */ = {isa = PBXFileReference; lastKnownFileType = file.xib; name = Base; path = Base.lproj/LaunchScreen.xib; sourceTree = "<group>"; };
		E1FABBB61A7FEED600C1EA95 /* calculatorTests.xctest */ = {isa = PBXFileReference; explicitFileType = wrapper.cfbundle; includeInIndex = 0; path = calculatorTests.xctest; sourceTree = BUILT_PRODUCTS_DIR; };
		E1FABBBB1A7FEED600C1EA95 /* Info.plist */ = {isa = PBXFileReference; lastKnownFileType = text.plist.xml; path = Info.plist; sourceTree = "<group>"; };
		E1FABBBC1A7FEED600C1EA95 /* calculatorTests.swift */ = {isa = PBXFileReference; lastKnownFileType = sourcecode.swift; path = calculatorTests.swift; sourceTree = "<group>"; };
/* End PBXFileReference section */

/* Begin PBXFrameworksBuildPhase section */
		E1FABB9E1A7FEED600C1EA95 /* Frameworks */ = {
			isa = PBXFrameworksBuildPhase;
			buildActionMask = 2147483647;
			files = (
			);
			runOnlyForDeploymentPostprocessing = 0;
		};
		E1FABBB31A7FEED600C1EA95 /* Frameworks */ = {
			isa = PBXFrameworksBuildPhase;
			buildActionMask = 2147483647;
			files = (
			);
			runOnlyForDeploymentPostprocessing = 0;
		};
/* End PBXFrameworksBuildPhase section */

/* Begin PBXGroup section */
		E1FABB981A7FEED600C1EA95 = {
			isa = PBXGroup;
			children = (
				E1FABBA31A7FEED600C1EA95 /* calculator */,
				E1FABBB91A7FEED600C1EA95 /* calculatorTests */,
				E1FABBA21A7FEED600C1EA95 /* Products */,
			);
			sourceTree = "<group>";
		};
		E1FABBA21A7FEED600C1EA95 /* Products */ = {
			isa = PBXGroup;
			children = (
				E1FABBA11A7FEED600C1EA95 /* calculator.app */,
				E1FABBB61A7FEED600C1EA95 /* calculatorTests.xctest */,
			);
			name = Products;
			sourceTree = "<group>";
		};
		E1FABBA31A7FEED600C1EA95 /* calculator */ = {
			isa = PBXGroup;
			children = (
				E1FABBA61A7FEED600C1EA95 /* AppDelegate.swift */,
				E1FABBA81A7FEED600C1EA95 /* ViewController.swift */,
				E1FABBAA1A7FEED600C1EA95 /* Main.storyboard */,
				E1FABBAD1A7FEED600C1EA95 /* Images.xcassets */,
				E1FABBAF1A7FEED600C1EA95 /* LaunchScreen.xib */,
				E1FABBA41A7FEED600C1EA95 /* Supporting Files */,
			);
			path = calculator;
			sourceTree = "<group>";
		};
		E1FABBA41A7FEED600C1EA95 /* Supporting Files */ = {
			isa = PBXGroup;
			children = (
				E1FABBA51A7FEED600C1EA95 /* Info.plist */,
			);
			name = "Supporting Files";
			sourceTree = "<group>";
		};
		E1FABBB91A7FEED600C1EA95 /* calculatorTests */ = {
			isa = PBXGroup;
			children = (
				E1FABBBC1A7FEED600C1EA95 /* calculatorTests.swift */,
				E1FABBBA1A7FEED600C1EA95 /* Supporting Files */,
			);
			path = calculatorTests;
			sourceTree = "<group>";
		};
		E1FABBBA1A7FEED600C1EA95 /* Supporting Files */ = {
			isa = PBXGroup;
			children = (
				E1FABBBB1A7FEED600C1EA95 /* Info.plist */,
			);
			name = "Supporting Files";
			sourceTree = "<group>";
		};
/* End PBXGroup section */

/* Begin PBXNativeTarget section */
		E1FABBA01A7FEED600C1EA95 /* calculator */ = {
			isa = PBXNativeTarget;
			buildConfigurationList = E1FABBC01A7FEED600C1EA95 /* Build configuration list for PBXNativeTarget "calculator" */;
			buildPhases = (
				E1FABB9D1A7FEED600C1EA95 /* Sources */,
				E1FABB9E1A7FEED600C1EA95 /* Frameworks */,
				E1FABB9F1A7FEED600C1EA95 /* Resources */,
			);
			buildRules = (
			);
			dependencies = (
			);
			name = calculator;
			productName = calculator;
			productReference = E1FABBA11A7FEED600C1EA95 /* calculator.app */;
			productType = "com.apple.product-type.application";
		};
		E1FABBB51A7FEED600C1EA95 /* calculatorTests */ = {
			isa = PBXNativeTarget;
			buildConfigurationList = E1FABBC31A7FEED600C1EA95 /* Build configuration list for PBXNativeTarget "calculatorTests" */;
			buildPhases = (
				E1FABBB21A7FEED600C1EA95 /* Sources */,
				E1FABBB31A7FEED600C1EA95 /* Frameworks */,
				E1FABBB41A7FEED600C1EA95 /* Resources */,
			);
			buildRules = (
			);
			dependencies = (
				E1FABBB81A7FEED600C1EA95 /* PBXTargetDependency */,
			);
			name = calculatorTests;
			productName = calculatorTests;
			productReference = E1FABBB61A7FEED600C1EA95 /* calculatorTests.xctest */;
			productType = "com.apple.product-type.bundle.unit-test";
		};
/* End PBXNativeTarget section */

/* Begin PBXProject section */
		E1FABB991A7FEED600C1EA95 /* Project object */ = {
			isa = PBXProject;
			attributes = {
				LastUpgradeCheck = 0610;
				ORGANIZATIONNAME = "Anton Minin";
				TargetAttributes = {
					E1FABBA01A7FEED600C1EA95 = {
						CreatedOnToolsVersion = 6.1.1;
					};
					E1FABBB51A7FEED600C1EA95 = {
						CreatedOnToolsVersion = 6.1.1;
						TestTargetID = E1FABBA01A7FEED600C1EA95;
					};
				};
			};
			buildConfigurationList = E1FABB9C1A7FEED600C1EA95 /* Build configuration list for PBXProject "calculator" */;
			compatibilityVersion = "Xcode 3.2";
			developmentRegion = English;
			hasScannedForEncodings = 0;
			knownRegions = (
				en,
				Base,
			);
			mainGroup = E1FABB981A7FEED600C1EA95;
			productRefGroup = E1FABBA21A7FEED600C1EA95 /* Products */;
			projectDirPath = "";
			projectRoot = "";
			targets = (
				E1FABBA01A7FEED600C1EA95 /* calculator */,
				E1FABBB51A7FEED600C1EA95 /* calculatorTests */,
			);
		};
/* End PBXProject section */

/* Begin PBXResourcesBuildPhase section */
		E1FABB9F1A7FEED600C1EA95 /* Resources */ = {
			isa = PBXResourcesBuildPhase;
			buildActionMask = 2147483647;
			files = (
				E1FABBAC1A7FEED600C1EA95 /* Main.storyboard in Resources */,
				E1FABBB11A7FEED600C1EA95 /* LaunchScreen.xib in Resources */,
				E1FABBAE1A7FEED600C1EA95 /* Images.xcassets in Resources */,
			);
			runOnlyForDeploymentPostprocessing = 0;
		};
		E1FABBB41A7FEED600C1EA95 /* Resources */ = {
			isa = PBXResourcesBuildPhase;
			buildActionMask = 2147483647;
			files = (
			);
			runOnlyForDeploymentPostprocessing = 0;
		};
/* End PBXResourcesBuildPhase section */

/* Begin PBXSourcesBuildPhase section */
		E1FABB9D1A7FEED600C1EA95 /* Sources */ = {
			isa = PBXSourcesBuildPhase;
			buildActionMask = 2147483647;
			files = (
				E1FABBA91A7FEED600C1EA95 /* ViewController.swift in Sources */,
				E1FABBA71A7FEED600C1EA95 /* AppDelegate.swift in Sources */,
			);
			runOnlyForDeploymentPostprocessing = 0;
		};
		E1FABBB21A7FEED600C1EA95 /* Sources */ = {
			isa = PBXSourcesBuildPhase;
			buildActionMask = 2147483647;
			files = (
				E1FABBBD1A7FEED600C1EA95 /* calculatorTests.swift in Sources */,
			);
			runOnlyForDeploymentPostprocessing = 0;
		};
/* End PBXSourcesBuildPhase section */

/* Begin PBXTargetDependency section */
		E1FABBB81A7FEED600C1EA95 /* PBXTargetDependency */ = {
			isa = PBXTargetDependency;
			target = E1FABBA01A7FEED600C1EA95 /* calculator */;
			targetProxy = E1FABBB71A7FEED600C1EA95 /* PBXContainerItemProxy */;
		};
/* End PBXTargetDependency section */

/* Begin PBXVariantGroup section */
		E1FABBAA1A7FEED600C1EA95 /* Main.storyboard */ = {
			isa = PBXVariantGroup;
			children = (
				E1FABBAB1A7FEED600C1EA95 /* Base */,
			);
			name = Main.storyboard;
			sourceTree = "<group>";
		};
		E1FABBAF1A7FEED600C1EA95 /* LaunchScreen.xib */ = {
			isa = PBXVariantGroup;
			children = (
				E1FABBB01A7FEED600C1EA95 /* Base */,
			);
			name = LaunchScreen.xib;
			sourceTree = "<group>";
		};
/* End PBXVariantGroup section */

/* Begin XCBuildConfiguration section */
		E1FABBBE1A7FEED600C1EA95 /* Debug */ = {
			isa = XCBuildConfiguration;
			buildSettings = {
				ALWAYS_SEARCH_USER_PATHS = NO;
				CLANG_CXX_LANGUAGE_STANDARD = "gnu++0x";
				CLANG_CXX_LIBRARY = "libc++";
				CLANG_ENABLE_MODULES = YES;
				CLANG_ENABLE_OBJC_ARC = YES;
				CLANG_WARN_BOOL_CONVERSION = YES;
				CLANG_WARN_CONSTANT_CONVERSION = YES;
				CLANG_WARN_DIRECT_OBJC_ISA_USAGE = YES_ERROR;
				CLANG_WARN_EMPTY_BODY = YES;
				CLANG_WARN_ENUM_CONVERSION = YES;
				CLANG_WARN_INT_CONVERSION = YES;
				CLANG_WARN_OBJC_ROOT_CLASS = YES_ERROR;
				CLANG_WARN_UNREACHABLE_CODE = YES;
				CLANG_WARN__DUPLICATE_METHOD_MATCH = YES;
				"CODE_SIGN_IDENTITY[sdk=iphoneos*]" = "iPhone Developer";
				COPY_PHASE_STRIP = NO;
				ENABLE_STRICT_OBJC_MSGSEND = YES;
				GCC_C_LANGUAGE_STANDARD = gnu99;
				GCC_DYNAMIC_NO_PIC = NO;
				GCC_OPTIMIZATION_LEVEL = 0;
				GCC_PREPROCESSOR_DEFINITIONS = (
					"DEBUG=1",
					"$(inherited)",
				);
				GCC_SYMBOLS_PRIVATE_EXTERN = NO;
				GCC_WARN_64_TO_32_BIT_CONVERSION = YES;
				GCC_WARN_ABOUT_RETURN_TYPE = YES_ERROR;
				GCC_WARN_UNDECLARED_SELECTOR = YES;
				GCC_WARN_UNINITIALIZED_AUTOS = YES_AGGRESSIVE;
				GCC_WARN_UNUSED_FUNCTION = YES;
				GCC_WARN_UNUSED_VARIABLE = YES;
				IPHONEOS_DEPLOYMENT_TARGET = 8.1;
				MTL_ENABLE_DEBUG_INFO = YES;
				ONLY_ACTIVE_ARCH = YES;
				SDKROOT = iphoneos;
				SWIFT_OPTIMIZATION_LEVEL = "-Onone";
				TARGETED_DEVICE_FAMILY = "1,2";
			};
			name = Debug;
		};
		E1FABBBF1A7FEED600C1EA95 /* Release */ = {
			isa = XCBuildConfiguration;
			buildSettings = {
				ALWAYS_SEARCH_USER_PATHS = NO;
				CLANG_CXX_LANGUAGE_STANDARD = "gnu++0x";
				CLANG_CXX_LIBRARY = "libc++";
				CLANG_ENABLE_MODULES = YES;
				CLANG_ENABLE_OBJC_ARC = YES;
				CLANG_WARN_BOOL_CONVERSION = YES;
				CLANG_WARN_CONSTANT_CONVERSION = YES;
				CLANG_WARN_DIRECT_OBJC_ISA_USAGE = YES_ERROR;
				CLANG_WARN_EMPTY_BODY = YES;
				CLANG_WARN_ENUM_CONVERSION = YES;
				CLANG_WARN_INT_CONVERSION = YES;
				CLANG_WARN_OBJC_ROOT_CLASS = YES_ERROR;
				CLANG_WARN_UNREACHABLE_CODE = YES;
				CLANG_WARN__DUPLICATE_METHOD_MATCH = YES;
				"CODE_SIGN_IDENTITY[sdk=iphoneos*]" = "iPhone Developer";
				COPY_PHASE_STRIP = YES;
				ENABLE_NS_ASSERTIONS = NO;
				ENABLE_STRICT_OBJC_MSGSEND = YES;
				GCC_C_LANGUAGE_STANDARD = gnu99;
				GCC_WARN_64_TO_32_BIT_CONVERSION = YES;
				GCC_WARN_ABOUT_RETURN_TYPE = YES_ERROR;
				GCC_WARN_UNDECLARED_SELECTOR = YES;
				GCC_WARN_UNINITIALIZED_AUTOS = YES_AGGRESSIVE;
				GCC_WARN_UNUSED_FUNCTION = YES;
				GCC_WARN_UNUSED_VARIABLE = YES;
				IPHONEOS_DEPLOYMENT_TARGET = 8.1;
				MTL_ENABLE_DEBUG_INFO = NO;
				SDKROOT = iphoneos;
				TARGETED_DEVICE_FAMILY = "1,2";
				VALIDATE_PRODUCT = YES;
			};
			name = Release;
		};
		E1FABBC11A7FEED600C1EA95 /* Debug */ = {
			isa = XCBuildConfiguration;
			buildSettings = {
				ASSETCATALOG_COMPILER_APPICON_NAME = AppIcon;
				INFOPLIST_FILE = calculator/Info.plist;
				LD_RUNPATH_SEARCH_PATHS = "$(inherited) @executable_path/Frameworks";
				PRODUCT_NAME = "$(TARGET_NAME)";
			};
			name = Debug;
		};
		E1FABBC21A7FEED600C1EA95 /* Release */ = {
			isa = XCBuildConfiguration;
			buildSettings = {
				ASSETCATALOG_COMPILER_APPICON_NAME = AppIcon;
				INFOPLIST_FILE = calculator/Info.plist;
				LD_RUNPATH_SEARCH_PATHS = "$(inherited) @executable_path/Frameworks";
				PRODUCT_NAME = "$(TARGET_NAME)";
			};
			name = Release;
		};
		E1FABBC41A7FEED600C1EA95 /* Debug */ = {
			isa = XCBuildConfiguration;
			buildSettings = {
				BUNDLE_LOADER = "$(TEST_HOST)";
				FRAMEWORK_SEARCH_PATHS = (
					"$(SDKROOT)/Developer/Library/Frameworks",
					"$(inherited)",
				);
				GCC_PREPROCESSOR_DEFINITIONS = (
					"DEBUG=1",
					"$(inherited)",
				);
				INFOPLIST_FILE = calculatorTests/Info.plist;
				LD_RUNPATH_SEARCH_PATHS = "$(inherited) @executable_path/Frameworks @loader_path/Frameworks";
				PRODUCT_NAME = "$(TARGET_NAME)";
				TEST_HOST = "$(BUILT_PRODUCTS_DIR)/calculator.app/calculator";
			};
			name = Debug;
		};
		E1FABBC51A7FEED600C1EA95 /* Release */ = {
			isa = XCBuildConfiguration;
			buildSettings = {
				BUNDLE_LOADER = "$(TEST_HOST)";
				FRAMEWORK_SEARCH_PATHS = (
					"$(SDKROOT)/Developer/Library/Frameworks",
					"$(inherited)",
				);
				INFOPLIST_FILE = calculatorTests/Info.plist;
				LD_RUNPATH_SEARCH_PATHS = "$(inherited) @executable_path/Frameworks @loader_path/Frameworks";
				PRODUCT_NAME = "$(TARGET_NAME)";
				TEST_HOST = "$(BUILT_PRODUCTS_DIR)/calculator.app/calculator";
			};
			name = Release;
		};
/* End XCBuildConfiguration section */

/* Begin XCConfigurationList section */
		E1FABB9C1A7FEED600C1EA95 /* Build configuration list for PBXProject "calculator" */ = {
			isa = XCConfigurationList;
			buildConfigurations = (
				E1FABBBE1A7FEED600C1EA95 /* Debug */,
				E1FABBBF1A7FEED600C1EA95 /* Release */,
			);
			defaultConfigurationIsVisible = 0;
			defaultConfigurationName = Release;
		};
		E1FABBC01A7FEED600C1EA95 /* Build configuration list for PBXNativeTarget "calculator" */ = {
			isa = XCConfigurationList;
			buildConfigurations = (
				E1FABBC11A7FEED600C1EA95 /* Debug */,
				E1FABBC21A7FEED600C1EA95 /* Release */,
			);
			defaultConfigurationIsVisible = 0;
		};
		E1FABBC31A7FEED600C1EA95 /* Build configuration list for PBXNativeTarget "calculatorTests" */ = {
			isa = XCConfigurationList;
			buildConfigurations = (
				E1FABBC41A7FEED600C1EA95 /* Debug */,
				E1FABBC51A7FEED600C1EA95 /* Release */,
			);
			defaultConfigurationIsVisible = 0;
		};
/* End XCConfigurationList section */
	};
	rootObject = E1FABB991A7FEED600C1EA95 /* Project object */;
}
